
Microsoft Visual Studio Solution File, Format Version 12.00
# Visual Studio 15
VisualStudioVersion = 15.0.28307.421
MinimumVisualStudioVersion = 10.0.40219.1
Project("{FAE04EC0-301F-11D3-BF4B-00C04F79EFBC}") = "BSTtests", "BSTtests\BSTtests.csproj", "{AAAE43A4-0106-45F2-A4F6-55B64619E525}"
EndProject
Global
	GlobalSection(SolutionConfigurationPlatforms) = preSolution
		Debug|Any CPU = Debug|Any CPU
		Release|Any CPU = Release|Any CPU
	EndGlobalSection
	GlobalSection(ProjectConfigurationPlatforms) = postSolution
		{AAAE43A4-0106-45F2-A4F6-55B64619E525}.Debug|Any CPU.ActiveCfg = Debug|Any CPU
		{AAAE43A4-0106-45F2-A4F6-55B64619E525}.Debug|Any CPU.Build.0 = Debug|Any CPU
		{AAAE43A4-0106-45F2-A4F6-55B64619E525}.Release|Any CPU.ActiveCfg = Release|Any CPU
		{AAAE43A4-0106-45F2-A4F6-55B64619E525}.Release|Any CPU.Build.0 = Release|Any CPU
	EndGlobalSection
	GlobalSection(SolutionProperties) = preSolution
		HideSolutionNode = FALSE
	EndGlobalSection
	GlobalSection(ExtensibilityGlobals) = postSolution
		SolutionGuid = {C186780A-DF3F-462E-8366-2E575F2BAB52}
	EndGlobalSection
EndGlobal
