
Microsoft Visual Studio Solution File, Format Version 12.00
# Visual Studio 15
VisualStudioVersion = 15.0.28307.102
MinimumVisualStudioVersion = 10.0.40219.1
Project("{FAE04EC0-301F-11D3-BF4B-00C04F79EFBC}") = "ExpTreeApp2", "ExpTreeApp2\ExpTreeApp2.csproj", "{4544E95F-7E3C-4553-BE5D-E3828A24A365}"
EndProject
Project("{FAE04EC0-301F-11D3-BF4B-00C04F79EFBC}") = "LogicEngine", "LogicEngine\LogicEngine.csproj", "{09EDCB08-3423-4A40-8307-FC226FC2C790}"
EndProject
Project("{FAE04EC0-301F-11D3-BF4B-00C04F79EFBC}") = "ExpTreeTests", "ExpTreeTests\ExpTreeTests.csproj", "{D2BAB46E-2C1B-4A15-B622-36BF29346B26}"
EndProject
Global
	GlobalSection(SolutionConfigurationPlatforms) = preSolution
		Debug|Any CPU = Debug|Any CPU
		Release|Any CPU = Release|Any CPU
	EndGlobalSection
	GlobalSection(ProjectConfigurationPlatforms) = postSolution
		{4544E95F-7E3C-4553-BE5D-E3828A24A365}.Debug|Any CPU.ActiveCfg = Debug|Any CPU
		{4544E95F-7E3C-4553-BE5D-E3828A24A365}.Debug|Any CPU.Build.0 = Debug|Any CPU
		{4544E95F-7E3C-4553-BE5D-E3828A24A365}.Release|Any CPU.ActiveCfg = Release|Any CPU
		{4544E95F-7E3C-4553-BE5D-E3828A24A365}.Release|Any CPU.Build.0 = Release|Any CPU
		{09EDCB08-3423-4A40-8307-FC226FC2C790}.Debug|Any CPU.ActiveCfg = Debug|Any CPU
		{09EDCB08-3423-4A40-8307-FC226FC2C790}.Debug|Any CPU.Build.0 = Debug|Any CPU
		{09EDCB08-3423-4A40-8307-FC226FC2C790}.Release|Any CPU.ActiveCfg = Release|Any CPU
		{09EDCB08-3423-4A40-8307-FC226FC2C790}.Release|Any CPU.Build.0 = Release|Any CPU
		{D2BAB46E-2C1B-4A15-B622-36BF29346B26}.Debug|Any CPU.ActiveCfg = Debug|Any CPU
		{D2BAB46E-2C1B-4A15-B622-36BF29346B26}.Debug|Any CPU.Build.0 = Debug|Any CPU
		{D2BAB46E-2C1B-4A15-B622-36BF29346B26}.Release|Any CPU.ActiveCfg = Release|Any CPU
		{D2BAB46E-2C1B-4A15-B622-36BF29346B26}.Release|Any CPU.Build.0 = Release|Any CPU
	EndGlobalSection
	GlobalSection(SolutionProperties) = preSolution
		HideSolutionNode = FALSE
	EndGlobalSection
	GlobalSection(ExtensibilityGlobals) = postSolution
		SolutionGuid = {C3AB507C-D0AB-4C4D-8C28-FCCFDF72D94D}
	EndGlobalSection
EndGlobal
